Microsoft Visual Studio Solution File, Format Version 12.00
# Visual Studio Version 17
VisualStudioVersion = 17.0.31903.59
MinimumVisualStudioVersion = 10.0.40219.1
Project("{8BC9CEB8-8B4A-11D0-8D11-00A0C91BC942}") = "Tower", "source\Tower.vcxproj", "{B92CC5A4-36D4-40C6-8DEA-A93B2491F5AA}"
	ProjectSection(ProjectDependencies) = postProject
		{A022E896-D2D1-4445-960F-440E17870DA2} = {A022E896-D2D1-4445-960F-440E17870DA2}
	EndProjectSection
EndProject
Project("{2150E333-8FDC-42A3-9474-1A3956D46DE8}") = "Resources", "Resources", "{5A06C5F8-7A29-4FC3-82C2-5CFFE218EB2C}"
	ProjectSection(SolutionItems) = preProject
		..\..\..\resources\Shaders\LambertCam_Tex.hlsl = ..\..\..\resources\Shaders\LambertCam_Tex.hlsl
		..\..\..\resources\Shaders\LambertCam_Tex_Trans.hlsl = ..\..\..\resources\Shaders\LambertCam_Tex_Trans.hlsl
		..\..\..\resources\Shaders\LambertLight_Col.hlsl = ..\..\..\resources\Shaders\LambertLight_Col.hlsl
	EndProjectSection
EndProject
Project("{8BC9CEB8-8B4A-11D0-8D11-00A0C91BC942}") = "MyEngine", "..\..\..\MyEngine\Code\MyEngine\code\MyEngine\MyEngine.vcxproj", "{A022E896-D2D1-4445-960F-440E17870DA2}"
EndProject
Global
	GlobalSection(SolutionConfigurationPlatforms) = preSolution
		Debug|x64 = Debug|x64
		Release|x64 = Release|x64
	EndGlobalSection
	GlobalSection(ProjectConfigurationPlatforms) = postSolution
		{B92CC5A4-36D4-40C6-8DEA-A93B2491F5AA}.Debug|x64.ActiveCfg = Debug|x64
		{B92CC5A4-36D4-40C6-8DEA-A93B2491F5AA}.Debug|x64.Build.0 = Debug|x64
		{B92CC5A4-36D4-40C6-8DEA-A93B2491F5AA}.Release|x64.ActiveCfg = Release|x64
		{B92CC5A4-36D4-40C6-8DEA-A93B2491F5AA}.Release|x64.Build.0 = Release|x64
		{A022E896-D2D1-4445-960F-440E17870DA2}.Debug|x64.ActiveCfg = Debug|x64
		{A022E896-D2D1-4445-960F-440E17870DA2}.Debug|x64.Build.0 = Debug|x64
		{A022E896-D2D1-4445-960F-440E17870DA2}.Release|x64.ActiveCfg = Release|x64
		{A022E896-D2D1-4445-960F-440E17870DA2}.Release|x64.Build.0 = Release|x64
	EndGlobalSection
	GlobalSection(SolutionProperties) = preSolution
		HideSolutionNode = FALSE
	EndGlobalSection
	GlobalSection(ExtensibilityGlobals) = postSolution
		SolutionGuid = {84af3741-fbdc-4621-a53d-49ef9be1b37a}
	EndGlobalSection
EndGlobal
