<?xml version="1.0" encoding="utf-8"?>
<Project ToolsVersion="4.0" xmlns="http://schemas.microsoft.com/developer/msbuild/2003">
  <ItemGroup>
    <ClCompile Include="Weapons\Bow.cpp" />
    <ClCompile Include="main.cpp" />
    <ClCompile Include="pch.cpp" />
    <ClCompile Include="TowerApp.cpp" />
    <ClCompile Include="Environment\Terrain.cpp" />
    <ClCompile Include="Environment\HeightMap.cpp" />
    <ClCompile Include="Character\Character.cpp" />
    <ClCompile Include="Environment\Tower.cpp" />
    <ClCompile Include="Character\Enemy.cpp" />
    <ClCompile Include="Character\EnemySystem.cpp" />
    <ClCompile Include="Services\CollisionService.cpp" />
    <ClCompile Include="Renderers\ArrowRenderer.cpp" />
    <ClCompile Include="Services\GameplaySystems.cpp" />
    <ClCompile Include="Services\RenderSystems.cpp" />
  </ItemGroup>
  <ItemGroup>
    <ClInclude Include="Weapons\Bow.h" />
    <ClInclude Include="TowerApp.h" />
    <ClInclude Include="Environment\Terrain.h" />
    <ClInclude Include="Environment\HeightMap.h" />
    <ClInclude Include="Character\Character.h" />
    <ClInclude Include="Environment\Tower.h" />
    <ClInclude Include="Character\Enemy.h" />
    <ClInclude Include="Character\EnemySystem.h" />
    <ClInclude Include="Services\CollisionService.h" />
    <ClInclude Include="Renderers\ArrowRenderer.h" />
    <ClInclude Include="Services\GameplaySystems.h" />
    <ClInclude Include="Services\RenderSystems.h" />
  </ItemGroup>
</Project>