<?xml version="1.0" encoding="utf-8"?>
<Project ToolsVersion="4.0" xmlns="http://schemas.microsoft.com/developer/msbuild/2003">
  <ItemGroup>
    <ClCompile Include="Systems\Bow\Bow.cpp" />
    <ClCompile Include="main.cpp" />
    <ClCompile Include="pch.cpp" />
    <ClCompile Include="TowerApp.cpp" />
    <ClCompile Include="Systems\Terrain\Terrain.cpp" />
    <ClCompile Include="Systems\Terrain\HeightMap.cpp" />
    <ClCompile Include="Systems\Character\Character.cpp" />
    <ClCompile Include="Systems\Tower\Tower.cpp" />
    <ClCompile Include="Systems\Enemies\Enemy.cpp" />
    <ClCompile Include="Systems\Enemies\EnemySystem.cpp" />
    <ClCompile Include="Systems\Collisions\CollisionSystem.cpp" />
    <ClCompile Include="Systems\Arrows\ArrowSystem.cpp" />
    <ClCompile Include="TowerGameRenderer.cpp" />
    <ClCompile Include="Systems\Skydome\SkyDomeSystem.cpp" />
    <ClCompile Include="Systems\TowerSystems.cpp" />
    <ClCompile Include="Systems\StaticMeshes\StaticMeshSystem.cpp" />
    <ClCompile Include="Systems\Ui\TowerUi.cpp" />
    <ClCompile Include="Systems\StaticMeshes\StaticModelSystem.cpp" />
    <ClCompile Include="Systems\Character\CharacterMovement.cpp" />
    <ClCompile Include="Systems\Shadows\ShadowMapDisplay2.cpp" />
    <ClCompile Include="Systems\Shadows\ShadowSystem2.cpp" />
    <ClCompile Include="Systems\Arrows\Tracing\TracingSystem.cpp" />
  </ItemGroup>
  <ItemGroup>
    <ClInclude Include="Systems\Bow\Bow.h" />
    <ClInclude Include="TowerApp.h" />
    <ClInclude Include="Systems\Terrain\Terrain.h" />
    <ClInclude Include="Systems\Terrain\HeightMap.h" />
    <ClInclude Include="Systems\Character\Character.h" />
    <ClInclude Include="Systems\Tower\Tower.h" />
    <ClInclude Include="Systems\Enemies\Enemy.h" />
    <ClInclude Include="Systems\Enemies\EnemySystem.h" />
    <ClInclude Include="Systems\Collisions\CollisionSystem.h" />
    <ClInclude Include="Systems\Arrows\ArrowSystem.h" />
    <ClInclude Include="TowerGameRenderer.h" />
    <ClInclude Include="Systems\Skydome\SkyDomeSystem.h" />
    <ClInclude Include="Systems\TowerSystems.h" />
    <ClInclude Include="Systems\StaticMeshes\StaticMeshSystem.h" />
    <ClInclude Include="Systems\Ui\TowerUi.h" />
    <ClInclude Include="Systems\StaticMeshes\StaticModelSystem.h" />
    <ClInclude Include="Systems\Character\CharacterMovement.h" />
    <ClInclude Include="Systems\Shadows\ShadowMapDisplay2.h" />
    <ClInclude Include="Systems\Shadows\ShadowSystem2.h" />
    <ClInclude Include="Systems\Arrows\Tracing\TracingSystem.h" />
    <ClInclude Include="DataStructures\OffsetList.h" />
  </ItemGroup>
</Project>